
Microsoft Visual Studio Solution File, Format Version 12.00
# Visual Studio Version 17
VisualStudioVersion = 17.11.35219.272
MinimumVisualStudioVersion = 10.0.40219.1
Project("{FAE04EC0-301F-11D3-BF4B-00C04F79EFBC}") = "Lab2", "Lab2\Lab2.csproj", "{F1ED4F9A-06C3-428E-B912-A2A191CB6E22}"
EndProject
Global
	GlobalSection(SolutionConfigurationPlatforms) = preSolution
		Debug|Any CPU = Debug|Any CPU
		Release|Any CPU = Release|Any CPU
	EndGlobalSection
	GlobalSection(ProjectConfigurationPlatforms) = postSolution
		{F1ED4F9A-06C3-428E-B912-A2A191CB6E22}.Debug|Any CPU.ActiveCfg = Debug|Any CPU
		{F1ED4F9A-06C3-428E-B912-A2A191CB6E22}.Debug|Any CPU.Build.0 = Debug|Any CPU
		{F1ED4F9A-06C3-428E-B912-A2A191CB6E22}.Release|Any CPU.ActiveCfg = Release|Any CPU
		{F1ED4F9A-06C3-428E-B912-A2A191CB6E22}.Release|Any CPU.Build.0 = Release|Any CPU
	EndGlobalSection
	GlobalSection(SolutionProperties) = preSolution
		HideSolutionNode = FALSE
	EndGlobalSection
	GlobalSection(ExtensibilityGlobals) = postSolution
		SolutionGuid = {B0A7F2E9-6699-497D-83BB-997B1EBAAECA}
	EndGlobalSection
EndGlobal
